
Microsoft Visual Studio Solution File, Format Version 12.00
# Visual Studio Version 17
VisualStudioVersion = 17.7.34202.233
MinimumVisualStudioVersion = 10.0.40219.1
Project("{FAE04EC0-301F-11D3-BF4B-00C04F79EFBC}") = "Assignment3", "Assignment3.csproj", "{EF5F03B9-CC90-485E-94E7-A67B003F63E8}"
EndProject
Global
	GlobalSection(SolutionConfigurationPlatforms) = preSolution
		Debug|Any CPU = Debug|Any CPU
		Release|Any CPU = Release|Any CPU
	EndGlobalSection
	GlobalSection(ProjectConfigurationPlatforms) = postSolution
		{EF5F03B9-CC90-485E-94E7-A67B003F63E8}.Debug|Any CPU.ActiveCfg = Debug|Any CPU
		{EF5F03B9-CC90-485E-94E7-A67B003F63E8}.Debug|Any CPU.Build.0 = Debug|Any CPU
		{EF5F03B9-CC90-485E-94E7-A67B003F63E8}.Release|Any CPU.ActiveCfg = Release|Any CPU
		{EF5F03B9-CC90-485E-94E7-A67B003F63E8}.Release|Any CPU.Build.0 = Release|Any CPU
	EndGlobalSection
	GlobalSection(SolutionProperties) = preSolution
		HideSolutionNode = FALSE
	EndGlobalSection
	GlobalSection(ExtensibilityGlobals) = postSolution
		SolutionGuid = {E2CC5C19-1D11-45DE-A2A1-C0B559E39075}
	EndGlobalSection
EndGlobal
